// !$*UTF8*$!
{
	archiveVersion = 1;
	classes = {
	};
	objectVersion = 56;
	objects = {

/* Begin PBXBuildFile section */
		99DF71F92C07E7DF00B9DCE1 /* AppDelegate.swift in Sources */ = {isa = PBXBuildFile; fileRef = 99DF71F82C07E7DF00B9DCE1 /* AppDelegate.swift */; };
		99DF71FB2C07E7DF00B9DCE1 /* SceneDelegate.swift in Sources */ = {isa = PBXBuildFile; fileRef = 99DF71FA2C07E7DF00B9DCE1 /* SceneDelegate.swift */; };
		99DF71FD2C07E7DF00B9DCE1 /* ViewController.swift in Sources */ = {isa = PBXBuildFile; fileRef = 99DF71FC2C07E7DF00B9DCE1 /* ViewController.swift */; };
		99DF72002C07E7DF00B9DCE1 /* Main.storyboard in Resources */ = {isa = PBXBuildFile; fileRef = 99DF71FE2C07E7DF00B9DCE1 /* Main.storyboard */; };
		99DF72022C07E7E000B9DCE1 /* Assets.xcassets in Resources */ = {isa = PBXBuildFile; fileRef = 99DF72012C07E7E000B9DCE1 /* Assets.xcassets */; };
		99DF72052C07E7E000B9DCE1 /* LaunchScreen.storyboard in Resources */ = {isa = PBXBuildFile; fileRef = 99DF72032C07E7E000B9DCE1 /* LaunchScreen.storyboard */; };
		D1809FB02C1E660B00BC3B50 /* APIConfig.swift in Sources */ = {isa = PBXBuildFile; fileRef = D1809FAF2C1E660B00BC3B50 /* APIConfig.swift */; };
		D1809FB22C1E67F000BC3B50 /* AdminViewController.swift in Sources */ = {isa = PBXBuildFile; fileRef = D1809FB12C1E67F000BC3B50 /* AdminViewController.swift */; };
		D1809FB42C1E725100BC3B50 /* RegisterStudentController.swift in Sources */ = {isa = PBXBuildFile; fileRef = D1809FB32C1E725100BC3B50 /* RegisterStudentController.swift */; };
		D1809FB62C1E746E00BC3B50 /* Usuario.swift in Sources */ = {isa = PBXBuildFile; fileRef = D1809FB52C1E746E00BC3B50 /* Usuario.swift */; };
		D1809FBA2C1E9E4B00BC3B50 /* RegisterTecnicoController.swift in Sources */ = {isa = PBXBuildFile; fileRef = D1809FB92C1E9E4B00BC3B50 /* RegisterTecnicoController.swift */; };
		D1809FBC2C1EB27500BC3B50 /* DrawerUserController.swift in Sources */ = {isa = PBXBuildFile; fileRef = D1809FBB2C1EB27500BC3B50 /* DrawerUserController.swift */; };
		D1809FBE2C1EBA0500BC3B50 /* ProfileController.swift in Sources */ = {isa = PBXBuildFile; fileRef = D1809FBD2C1EBA0500BC3B50 /* ProfileController.swift */; };
/* End PBXBuildFile section */

/* Begin PBXFileReference section */
		99DF71F52C07E7DF00B9DCE1 /* HELP_DESK_APP.app */ = {isa = PBXFileReference; explicitFileType = wrapper.application; includeInIndex = 0; path = HELP_DESK_APP.app; sourceTree = BUILT_PRODUCTS_DIR; };
		99DF71F82C07E7DF00B9DCE1 /* AppDelegate.swift */ = {isa = PBXFileReference; lastKnownFileType = sourcecode.swift; path = AppDelegate.swift; sourceTree = "<group>"; };
		99DF71FA2C07E7DF00B9DCE1 /* SceneDelegate.swift */ = {isa = PBXFileReference; lastKnownFileType = sourcecode.swift; path = SceneDelegate.swift; sourceTree = "<group>"; };
		99DF71FC2C07E7DF00B9DCE1 /* ViewController.swift */ = {isa = PBXFileReference; lastKnownFileType = sourcecode.swift; path = ViewController.swift; sourceTree = "<group>"; };
		99DF71FF2C07E7DF00B9DCE1 /* Base */ = {isa = PBXFileReference; lastKnownFileType = file.storyboard; name = Base; path = Base.lproj/Main.storyboard; sourceTree = "<group>"; };
		99DF72012C07E7E000B9DCE1 /* Assets.xcassets */ = {isa = PBXFileReference; lastKnownFileType = folder.assetcatalog; path = Assets.xcassets; sourceTree = "<group>"; };
		99DF72042C07E7E000B9DCE1 /* Base */ = {isa = PBXFileReference; lastKnownFileType = file.storyboard; name = Base; path = Base.lproj/LaunchScreen.storyboard; sourceTree = "<group>"; };
		99DF72062C07E7E000B9DCE1 /* Info.plist */ = {isa = PBXFileReference; lastKnownFileType = text.plist.xml; path = Info.plist; sourceTree = "<group>"; };
		D1809FAF2C1E660B00BC3B50 /* APIConfig.swift */ = {isa = PBXFileReference; lastKnownFileType = sourcecode.swift; path = APIConfig.swift; sourceTree = "<group>"; };
		D1809FB12C1E67F000BC3B50 /* AdminViewController.swift */ = {isa = PBXFileReference; lastKnownFileType = sourcecode.swift; path = AdminViewController.swift; sourceTree = "<group>"; };
		D1809FB32C1E725100BC3B50 /* RegisterStudentController.swift */ = {isa = PBXFileReference; lastKnownFileType = sourcecode.swift; path = RegisterStudentController.swift; sourceTree = "<group>"; };
		D1809FB52C1E746E00BC3B50 /* Usuario.swift */ = {isa = PBXFileReference; lastKnownFileType = sourcecode.swift; path = Usuario.swift; sourceTree = "<group>"; };
		D1809FB92C1E9E4B00BC3B50 /* RegisterTecnicoController.swift */ = {isa = PBXFileReference; lastKnownFileType = sourcecode.swift; path = RegisterTecnicoController.swift; sourceTree = "<group>"; };
		D1809FBB2C1EB27500BC3B50 /* DrawerUserController.swift */ = {isa = PBXFileReference; lastKnownFileType = sourcecode.swift; path = DrawerUserController.swift; sourceTree = "<group>"; };
		D1809FBD2C1EBA0500BC3B50 /* ProfileController.swift */ = {isa = PBXFileReference; lastKnownFileType = sourcecode.swift; path = ProfileController.swift; sourceTree = "<group>"; };
/* End PBXFileReference section */

/* Begin PBXFrameworksBuildPhase section */
		99DF71F22C07E7DF00B9DCE1 /* Frameworks */ = {
			isa = PBXFrameworksBuildPhase;
			buildActionMask = 2147483647;
			files = (
			);
			runOnlyForDeploymentPostprocessing = 0;
		};
/* End PBXFrameworksBuildPhase section */

/* Begin PBXGroup section */
		99DF71EC2C07E7DF00B9DCE1 = {
			isa = PBXGroup;
			children = (
				99DF71F72C07E7DF00B9DCE1 /* HELP_DESK_APP */,
				99DF71F62C07E7DF00B9DCE1 /* Products */,
			);
			sourceTree = "<group>";
		};
		99DF71F62C07E7DF00B9DCE1 /* Products */ = {
			isa = PBXGroup;
			children = (
				99DF71F52C07E7DF00B9DCE1 /* HELP_DESK_APP.app */,
			);
			name = Products;
			sourceTree = "<group>";
		};
		99DF71F72C07E7DF00B9DCE1 /* HELP_DESK_APP */ = {
			isa = PBXGroup;
			children = (
				D1809FAE2C1E65DC00BC3B50 /* Controllers */,
				D1809FAD2C1E65D000BC3B50 /* Models */,
				99DF71F82C07E7DF00B9DCE1 /* AppDelegate.swift */,
				99DF71FA2C07E7DF00B9DCE1 /* SceneDelegate.swift */,
				99DF71FC2C07E7DF00B9DCE1 /* ViewController.swift */,
				99DF71FE2C07E7DF00B9DCE1 /* Main.storyboard */,
				99DF72012C07E7E000B9DCE1 /* Assets.xcassets */,
				99DF72032C07E7E000B9DCE1 /* LaunchScreen.storyboard */,
				99DF72062C07E7E000B9DCE1 /* Info.plist */,
			);
			path = HELP_DESK_APP;
			sourceTree = "<group>";
		};
		D1809FAD2C1E65D000BC3B50 /* Models */ = {
			isa = PBXGroup;
			children = (
				D1809FB52C1E746E00BC3B50 /* Usuario.swift */,
			);
			path = Models;
			sourceTree = "<group>";
		};
		D1809FAE2C1E65DC00BC3B50 /* Controllers */ = {
			isa = PBXGroup;
			children = (
				D1809FAF2C1E660B00BC3B50 /* APIConfig.swift */,
				D1809FB12C1E67F000BC3B50 /* AdminViewController.swift */,
				D1809FB32C1E725100BC3B50 /* RegisterStudentController.swift */,
				D1809FB92C1E9E4B00BC3B50 /* RegisterTecnicoController.swift */,
				D1809FBB2C1EB27500BC3B50 /* DrawerUserController.swift */,
				D1809FBD2C1EBA0500BC3B50 /* ProfileController.swift */,
			);
			path = Controllers;
			sourceTree = "<group>";
		};
/* End PBXGroup section */

/* Begin PBXNativeTarget section */
		99DF71F42C07E7DF00B9DCE1 /* HELP_DESK_APP */ = {
			isa = PBXNativeTarget;
			buildConfigurationList = 99DF72092C07E7E000B9DCE1 /* Build configuration list for PBXNativeTarget "HELP_DESK_APP" */;
			buildPhases = (
				99DF71F12C07E7DF00B9DCE1 /* Sources */,
				99DF71F22C07E7DF00B9DCE1 /* Frameworks */,
				99DF71F32C07E7DF00B9DCE1 /* Resources */,
			);
			buildRules = (
			);
			dependencies = (
			);
			name = HELP_DESK_APP;
			productName = HELP_DESK_APP;
			productReference = 99DF71F52C07E7DF00B9DCE1 /* HELP_DESK_APP.app */;
			productType = "com.apple.product-type.application";
		};
/* End PBXNativeTarget section */

/* Begin PBXProject section */
		99DF71ED2C07E7DF00B9DCE1 /* Project object */ = {
			isa = PBXProject;
			attributes = {
				BuildIndependentTargetsInParallel = 1;
				LastSwiftUpdateCheck = 1520;
				LastUpgradeCheck = 1520;
				TargetAttributes = {
					99DF71F42C07E7DF00B9DCE1 = {
						CreatedOnToolsVersion = 15.2;
					};
				};
			};
			buildConfigurationList = 99DF71F02C07E7DF00B9DCE1 /* Build configuration list for PBXProject "HELP_DESK_APP" */;
			compatibilityVersion = "Xcode 14.0";
			developmentRegion = en;
			hasScannedForEncodings = 0;
			knownRegions = (
				en,
				Base,
			);
			mainGroup = 99DF71EC2C07E7DF00B9DCE1;
			productRefGroup = 99DF71F62C07E7DF00B9DCE1 /* Products */;
			projectDirPath = "";
			projectRoot = "";
			targets = (
				99DF71F42C07E7DF00B9DCE1 /* HELP_DESK_APP */,
			);
		};
/* End PBXProject section */

/* Begin PBXResourcesBuildPhase section */
		99DF71F32C07E7DF00B9DCE1 /* Resources */ = {
			isa = PBXResourcesBuildPhase;
			buildActionMask = 2147483647;
			files = (
				99DF72052C07E7E000B9DCE1 /* LaunchScreen.storyboard in Resources */,
				99DF72022C07E7E000B9DCE1 /* Assets.xcassets in Resources */,
				99DF72002C07E7DF00B9DCE1 /* Main.storyboard in Resources */,
			);
			runOnlyForDeploymentPostprocessing = 0;
		};
/* End PBXResourcesBuildPhase section */

/* Begin PBXSourcesBuildPhase section */
		99DF71F12C07E7DF00B9DCE1 /* Sources */ = {
			isa = PBXSourcesBuildPhase;
			buildActionMask = 2147483647;
			files = (
				D1809FBA2C1E9E4B00BC3B50 /* RegisterTecnicoController.swift in Sources */,
				99DF71FD2C07E7DF00B9DCE1 /* ViewController.swift in Sources */,
				99DF71F92C07E7DF00B9DCE1 /* AppDelegate.swift in Sources */,
				D1809FB62C1E746E00BC3B50 /* Usuario.swift in Sources */,
				D1809FB02C1E660B00BC3B50 /* APIConfig.swift in Sources */,
				D1809FBE2C1EBA0500BC3B50 /* ProfileController.swift in Sources */,
				D1809FBC2C1EB27500BC3B50 /* DrawerUserController.swift in Sources */,
				D1809FB22C1E67F000BC3B50 /* AdminViewController.swift in Sources */,
				D1809FB42C1E725100BC3B50 /* RegisterStudentController.swift in Sources */,
				99DF71FB2C07E7DF00B9DCE1 /* SceneDelegate.swift in Sources */,
			);
			runOnlyForDeploymentPostprocessing = 0;
		};
/* End PBXSourcesBuildPhase section */

/* Begin PBXVariantGroup section */
		99DF71FE2C07E7DF00B9DCE1 /* Main.storyboard */ = {
			isa = PBXVariantGroup;
			children = (
				99DF71FF2C07E7DF00B9DCE1 /* Base */,
			);
			name = Main.storyboard;
			sourceTree = "<group>";
		};
		99DF72032C07E7E000B9DCE1 /* LaunchScreen.storyboard */ = {
			isa = PBXVariantGroup;
			children = (
				99DF72042C07E7E000B9DCE1 /* Base */,
			);
			name = LaunchScreen.storyboard;
			sourceTree = "<group>";
		};
/* End PBXVariantGroup section */

/* Begin XCBuildConfiguration section */
		99DF72072C07E7E000B9DCE1 /* Debug */ = {
			isa = XCBuildConfiguration;
			buildSettings = {
				ALWAYS_SEARCH_USER_PATHS = NO;
				ASSETCATALOG_COMPILER_GENERATE_SWIFT_ASSET_SYMBOL_EXTENSIONS = YES;
				CLANG_ANALYZER_NONNULL = YES;
				CLANG_ANALYZER_NUMBER_OBJECT_CONVERSION = YES_AGGRESSIVE;
				CLANG_CXX_LANGUAGE_STANDARD = "gnu++20";
				CLANG_ENABLE_MODULES = YES;
				CLANG_ENABLE_OBJC_ARC = YES;
				CLANG_ENABLE_OBJC_WEAK = YES;
				CLANG_WARN_BLOCK_CAPTURE_AUTORELEASING = YES;
				CLANG_WARN_BOOL_CONVERSION = YES;
				CLANG_WARN_COMMA = YES;
				CLANG_WARN_CONSTANT_CONVERSION = YES;
				CLANG_WARN_DEPRECATED_OBJC_IMPLEMENTATIONS = YES;
				CLANG_WARN_DIRECT_OBJC_ISA_USAGE = YES_ERROR;
				CLANG_WARN_DOCUMENTATION_COMMENTS = YES;
				CLANG_WARN_EMPTY_BODY = YES;
				CLANG_WARN_ENUM_CONVERSION = YES;
				CLANG_WARN_INFINITE_RECURSION = YES;
				CLANG_WARN_INT_CONVERSION = YES;
				CLANG_WARN_NON_LITERAL_NULL_CONVERSION = YES;
				CLANG_WARN_OBJC_IMPLICIT_RETAIN_SELF = YES;
				CLANG_WARN_OBJC_LITERAL_CONVERSION = YES;
				CLANG_WARN_OBJC_ROOT_CLASS = YES_ERROR;
				CLANG_WARN_QUOTED_INCLUDE_IN_FRAMEWORK_HEADER = YES;
				CLANG_WARN_RANGE_LOOP_ANALYSIS = YES;
				CLANG_WARN_STRICT_PROTOTYPES = YES;
				CLANG_WARN_SUSPICIOUS_MOVE = YES;
				CLANG_WARN_UNGUARDED_AVAILABILITY = YES_AGGRESSIVE;
				CLANG_WARN_UNREACHABLE_CODE = YES;
				CLANG_WARN__DUPLICATE_METHOD_MATCH = YES;
				COPY_PHASE_STRIP = NO;
				DEBUG_INFORMATION_FORMAT = dwarf;
				ENABLE_STRICT_OBJC_MSGSEND = YES;
				ENABLE_TESTABILITY = YES;
				ENABLE_USER_SCRIPT_SANDBOXING = YES;
				GCC_C_LANGUAGE_STANDARD = gnu17;
				GCC_DYNAMIC_NO_PIC = NO;
				GCC_NO_COMMON_BLOCKS = YES;
				GCC_OPTIMIZATION_LEVEL = 0;
				GCC_PREPROCESSOR_DEFINITIONS = (
					"DEBUG=1",
					"$(inherited)",
				);
				GCC_WARN_64_TO_32_BIT_CONVERSION = YES;
				GCC_WARN_ABOUT_RETURN_TYPE = YES_ERROR;
				GCC_WARN_UNDECLARED_SELECTOR = YES;
				GCC_WARN_UNINITIALIZED_AUTOS = YES_AGGRESSIVE;
				GCC_WARN_UNUSED_FUNCTION = YES;
				GCC_WARN_UNUSED_VARIABLE = YES;
				IPHONEOS_DEPLOYMENT_TARGET = 17.2;
				LOCALIZATION_PREFERS_STRING_CATALOGS = YES;
				MTL_ENABLE_DEBUG_INFO = INCLUDE_SOURCE;
				MTL_FAST_MATH = YES;
				ONLY_ACTIVE_ARCH = YES;
				SDKROOT = iphoneos;
				SWIFT_ACTIVE_COMPILATION_CONDITIONS = "DEBUG $(inherited)";
				SWIFT_OPTIMIZATION_LEVEL = "-Onone";
			};
			name = Debug;
		};
		99DF72082C07E7E000B9DCE1 /* Release */ = {
			isa = XCBuildConfiguration;
			buildSettings = {
				ALWAYS_SEARCH_USER_PATHS = NO;
				ASSETCATALOG_COMPILER_GENERATE_SWIFT_ASSET_SYMBOL_EXTENSIONS = YES;
				CLANG_ANALYZER_NONNULL = YES;
				CLANG_ANALYZER_NUMBER_OBJECT_CONVERSION = YES_AGGRESSIVE;
				CLANG_CXX_LANGUAGE_STANDARD = "gnu++20";
				CLANG_ENABLE_MODULES = YES;
				CLANG_ENABLE_OBJC_ARC = YES;
				CLANG_ENABLE_OBJC_WEAK = YES;
				CLANG_WARN_BLOCK_CAPTURE_AUTORELEASING = YES;
				CLANG_WARN_BOOL_CONVERSION = YES;
				CLANG_WARN_COMMA = YES;
				CLANG_WARN_CONSTANT_CONVERSION = YES;
				CLANG_WARN_DEPRECATED_OBJC_IMPLEMENTATIONS = YES;
				CLANG_WARN_DIRECT_OBJC_ISA_USAGE = YES_ERROR;
				CLANG_WARN_DOCUMENTATION_COMMENTS = YES;
				CLANG_WARN_EMPTY_BODY = YES;
				CLANG_WARN_ENUM_CONVERSION = YES;
				CLANG_WARN_INFINITE_RECURSION = YES;
				CLANG_WARN_INT_CONVERSION = YES;
				CLANG_WARN_NON_LITERAL_NULL_CONVERSION = YES;
				CLANG_WARN_OBJC_IMPLICIT_RETAIN_SELF = YES;
				CLANG_WARN_OBJC_LITERAL_CONVERSION = YES;
				CLANG_WARN_OBJC_ROOT_CLASS = YES_ERROR;
				CLANG_WARN_QUOTED_INCLUDE_IN_FRAMEWORK_HEADER = YES;
				CLANG_WARN_RANGE_LOOP_ANALYSIS = YES;
				CLANG_WARN_STRICT_PROTOTYPES = YES;
				CLANG_WARN_SUSPICIOUS_MOVE = YES;
				CLANG_WARN_UNGUARDED_AVAILABILITY = YES_AGGRESSIVE;
				CLANG_WARN_UNREACHABLE_CODE = YES;
				CLANG_WARN__DUPLICATE_METHOD_MATCH = YES;
				COPY_PHASE_STRIP = NO;
				DEBUG_INFORMATION_FORMAT = "dwarf-with-dsym";
				ENABLE_NS_ASSERTIONS = NO;
				ENABLE_STRICT_OBJC_MSGSEND = YES;
				ENABLE_USER_SCRIPT_SANDBOXING = YES;
				GCC_C_LANGUAGE_STANDARD = gnu17;
				GCC_NO_COMMON_BLOCKS = YES;
				GCC_WARN_64_TO_32_BIT_CONVERSION = YES;
				GCC_WARN_ABOUT_RETURN_TYPE = YES_ERROR;
				GCC_WARN_UNDECLARED_SELECTOR = YES;
				GCC_WARN_UNINITIALIZED_AUTOS = YES_AGGRESSIVE;
				GCC_WARN_UNUSED_FUNCTION = YES;
				GCC_WARN_UNUSED_VARIABLE = YES;
				IPHONEOS_DEPLOYMENT_TARGET = 17.2;
				LOCALIZATION_PREFERS_STRING_CATALOGS = YES;
				MTL_ENABLE_DEBUG_INFO = NO;
				MTL_FAST_MATH = YES;
				SDKROOT = iphoneos;
				SWIFT_COMPILATION_MODE = wholemodule;
				VALIDATE_PRODUCT = YES;
			};
			name = Release;
		};
		99DF720A2C07E7E000B9DCE1 /* Debug */ = {
			isa = XCBuildConfiguration;
			buildSettings = {
				ASSETCATALOG_COMPILER_APPICON_NAME = AppIcon;
				ASSETCATALOG_COMPILER_GLOBAL_ACCENT_COLOR_NAME = AccentColor;
				CODE_SIGN_STYLE = Automatic;
				CURRENT_PROJECT_VERSION = 1;
				DEVELOPMENT_TEAM = 9B5L2C6LPB;
				GENERATE_INFOPLIST_FILE = YES;
				INFOPLIST_FILE = HELP_DESK_APP/Info.plist;
				INFOPLIST_KEY_UIApplicationSupportsIndirectInputEvents = YES;
				INFOPLIST_KEY_UILaunchStoryboardName = LaunchScreen;
				INFOPLIST_KEY_UIMainStoryboardFile = Main;
				INFOPLIST_KEY_UISupportedInterfaceOrientations_iPad = "UIInterfaceOrientationPortrait UIInterfaceOrientationPortraitUpsideDown UIInterfaceOrientationLandscapeLeft UIInterfaceOrientationLandscapeRight";
				INFOPLIST_KEY_UISupportedInterfaceOrientations_iPhone = "UIInterfaceOrientationPortrait UIInterfaceOrientationLandscapeLeft UIInterfaceOrientationLandscapeRight";
				LD_RUNPATH_SEARCH_PATHS = (
					"$(inherited)",
					"@executable_path/Frameworks",
				);
				MARKETING_VERSION = 1.0;
				PRODUCT_BUNDLE_IDENTIFIER = "org.nexus.eduhelp.HELP-DESK-APP";
				PRODUCT_NAME = "$(TARGET_NAME)";
				SWIFT_EMIT_LOC_STRINGS = YES;
				SWIFT_VERSION = 5.0;
				TARGETED_DEVICE_FAMILY = "1,2";
			};
			name = Debug;
		};
		99DF720B2C07E7E000B9DCE1 /* Release */ = {
			isa = XCBuildConfiguration;
			buildSettings = {
				ASSETCATALOG_COMPILER_APPICON_NAME = AppIcon;
				ASSETCATALOG_COMPILER_GLOBAL_ACCENT_COLOR_NAME = AccentColor;
				CODE_SIGN_STYLE = Automatic;
				CURRENT_PROJECT_VERSION = 1;
				DEVELOPMENT_TEAM = 9B5L2C6LPB;
				GENERATE_INFOPLIST_FILE = YES;
				INFOPLIST_FILE = HELP_DESK_APP/Info.plist;
				INFOPLIST_KEY_UIApplicationSupportsIndirectInputEvents = YES;
				INFOPLIST_KEY_UILaunchStoryboardName = LaunchScreen;
				INFOPLIST_KEY_UIMainStoryboardFile = Main;
				INFOPLIST_KEY_UISupportedInterfaceOrientations_iPad = "UIInterfaceOrientationPortrait UIInterfaceOrientationPortraitUpsideDown UIInterfaceOrientationLandscapeLeft UIInterfaceOrientationLandscapeRight";
				INFOPLIST_KEY_UISupportedInterfaceOrientations_iPhone = "UIInterfaceOrientationPortrait UIInterfaceOrientationLandscapeLeft UIInterfaceOrientationLandscapeRight";
				LD_RUNPATH_SEARCH_PATHS = (
					"$(inherited)",
					"@executable_path/Frameworks",
				);
				MARKETING_VERSION = 1.0;
				PRODUCT_BUNDLE_IDENTIFIER = "org.nexus.eduhelp.HELP-DESK-APP";
				PRODUCT_NAME = "$(TARGET_NAME)";
				SWIFT_EMIT_LOC_STRINGS = YES;
				SWIFT_VERSION = 5.0;
				TARGETED_DEVICE_FAMILY = "1,2";
			};
			name = Release;
		};
/* End XCBuildConfiguration section */

/* Begin XCConfigurationList section */
		99DF71F02C07E7DF00B9DCE1 /* Build configuration list for PBXProject "HELP_DESK_APP" */ = {
			isa = XCConfigurationList;
			buildConfigurations = (
				99DF72072C07E7E000B9DCE1 /* Debug */,
				99DF72082C07E7E000B9DCE1 /* Release */,
			);
			defaultConfigurationIsVisible = 0;
			defaultConfigurationName = Release;
		};
		99DF72092C07E7E000B9DCE1 /* Build configuration list for PBXNativeTarget "HELP_DESK_APP" */ = {
			isa = XCConfigurationList;
			buildConfigurations = (
				99DF720A2C07E7E000B9DCE1 /* Debug */,
				99DF720B2C07E7E000B9DCE1 /* Release */,
			);
			defaultConfigurationIsVisible = 0;
			defaultConfigurationName = Release;
		};
/* End XCConfigurationList section */
	};
	rootObject = 99DF71ED2C07E7DF00B9DCE1 /* Project object */;
}
